
Microsoft Visual Studio Solution File, Format Version 12.00
# Visual Studio 15
VisualStudioVersion = 15.0.27428.2015
MinimumVisualStudioVersion = 10.0.40219.1
Project("{E24C65DC-7377-472B-9ABA-BC803B73C61A}") = "yahtzee", "yahtzee\", "{5149899C-39E0-4717-82AF-4CDC77E488A3}"
	ProjectSection(WebsiteProperties) = preProject
		TargetFrameworkMoniker = ".NETFramework,Version%3Dv4.6.2"
		Debug.AspNetCompiler.VirtualPath = "/localhost_1800"
		Debug.AspNetCompiler.PhysicalPath = "yahtzee\"
		Debug.AspNetCompiler.TargetPath = "PrecompiledWeb\localhost_1800\"
		Debug.AspNetCompiler.Updateable = "true"
		Debug.AspNetCompiler.ForceOverwrite = "true"
		Debug.AspNetCompiler.FixedNames = "false"
		Debug.AspNetCompiler.Debug = "True"
		Release.AspNetCompiler.VirtualPath = "/localhost_1800"
		Release.AspNetCompiler.PhysicalPath = "yahtzee\"
		Release.AspNetCompiler.TargetPath = "PrecompiledWeb\localhost_1800\"
		Release.AspNetCompiler.Updateable = "true"
		Release.AspNetCompiler.ForceOverwrite = "true"
		Release.AspNetCompiler.FixedNames = "false"
		Release.AspNetCompiler.Debug = "False"
		VWDPort = "1800"
		SlnRelativePath = "yahtzee\"
		DefaultWebSiteLanguage = "Visual C#"
	EndProjectSection
EndProject
Global
	GlobalSection(SolutionConfigurationPlatforms) = preSolution
		Debug|Any CPU = Debug|Any CPU
	EndGlobalSection
	GlobalSection(ProjectConfigurationPlatforms) = postSolution
		{5149899C-39E0-4717-82AF-4CDC77E488A3}.Debug|Any CPU.ActiveCfg = Debug|Any CPU
		{5149899C-39E0-4717-82AF-4CDC77E488A3}.Debug|Any CPU.Build.0 = Debug|Any CPU
	EndGlobalSection
	GlobalSection(SolutionProperties) = preSolution
		HideSolutionNode = FALSE
	EndGlobalSection
	GlobalSection(ExtensibilityGlobals) = postSolution
		SolutionGuid = {8309FB46-D874-40C0-9399-7C68DD2B7247}
	EndGlobalSection
EndGlobal
